// !$*UTF8*$!
{
	archiveVersion = 1;
	classes = {
	};
	objectVersion = 50;
	objects = {

/* Begin PBXBuildFile section */
		2C2C0513221507D9005D74F5 /* AppDelegate.swift in Sources */ = {isa = PBXBuildFile; fileRef = 2C2C0512221507D9005D74F5 /* AppDelegate.swift */; };
		2C2C0515221507D9005D74F5 /* ViewController.swift in Sources */ = {isa = PBXBuildFile; fileRef = 2C2C0514221507D9005D74F5 /* ViewController.swift */; };
		2C2C0518221507D9005D74F5 /* Main.storyboard in Resources */ = {isa = PBXBuildFile; fileRef = 2C2C0516221507D9005D74F5 /* Main.storyboard */; };
		2C2C051A221507DC005D74F5 /* Assets.xcassets in Resources */ = {isa = PBXBuildFile; fileRef = 2C2C0519221507DC005D74F5 /* Assets.xcassets */; };
		2C2C051D221507DC005D74F5 /* LaunchScreen.storyboard in Resources */ = {isa = PBXBuildFile; fileRef = 2C2C051B221507DC005D74F5 /* LaunchScreen.storyboard */; };
		2C2C05252216B0A5005D74F5 /* TestProgressBarViewController.swift in Sources */ = {isa = PBXBuildFile; fileRef = 2C2C05242216B0A5005D74F5 /* TestProgressBarViewController.swift */; };
		2C2C0527221801FA005D74F5 /* TestEmplicitAnimationViewController.swift in Sources */ = {isa = PBXBuildFile; fileRef = 2C2C0526221801FA005D74F5 /* TestEmplicitAnimationViewController.swift */; };
		2C4DEF18222D3DA100FD93F1 /* TestScrollViewViewController.swift in Sources */ = {isa = PBXBuildFile; fileRef = 2C4DEF17222D3DA100FD93F1 /* TestScrollViewViewController.swift */; };
		2CB9F9FC221E9B3100BDD7BF /* TestWebViewController.swift in Sources */ = {isa = PBXBuildFile; fileRef = 2CB9F9FB221E9B3100BDD7BF /* TestWebViewController.swift */; };
		2CB9F9FE221EACA200BDD7BF /* TestAutoreleaseViewController.swift in Sources */ = {isa = PBXBuildFile; fileRef = 2CB9F9FD221EACA200BDD7BF /* TestAutoreleaseViewController.swift */; };
		2CD538B9221C01B00076F7CE /* UIResponser(firstResponser).swift in Sources */ = {isa = PBXBuildFile; fileRef = 2CD538B8221C01B00076F7CE /* UIResponser(firstResponser).swift */; };
		2CD538BD221C37690076F7CE /* ZObject.m in Sources */ = {isa = PBXBuildFile; fileRef = 2CD538BC221C37690076F7CE /* ZObject.m */; };
		2CD538C0221E37470076F7CE /* TestOCViewController.m in Sources */ = {isa = PBXBuildFile; fileRef = 2CD538BF221E37470076F7CE /* TestOCViewController.m */; };
		2CD538C2221E7A060076F7CE /* TestURLViewController.swift in Sources */ = {isa = PBXBuildFile; fileRef = 2CD538C1221E7A060076F7CE /* TestURLViewController.swift */; };
		2CD538C4221E7A470076F7CE /* UrlImgCollectionViewCell.swift in Sources */ = {isa = PBXBuildFile; fileRef = 2CD538C3221E7A470076F7CE /* UrlImgCollectionViewCell.swift */; };
		2CD538C6221E7A9D0076F7CE /* UrlImgCollectionViewCell.xib in Resources */ = {isa = PBXBuildFile; fileRef = 2CD538C5221E7A9D0076F7CE /* UrlImgCollectionViewCell.xib */; };
		2CF887BE22182BF20004C6A1 /* TestCollectionViewViewController.swift in Sources */ = {isa = PBXBuildFile; fileRef = 2CF887BD22182BF20004C6A1 /* TestCollectionViewViewController.swift */; };
		2CF887C022182D6A0004C6A1 /* hdimg in Resources */ = {isa = PBXBuildFile; fileRef = 2CF887BF22182D6A0004C6A1 /* hdimg */; };
		2CF887C3221832770004C6A1 /* CollectionViewCell.swift in Sources */ = {isa = PBXBuildFile; fileRef = 2CF887C1221832770004C6A1 /* CollectionViewCell.swift */; };
		2CF887C4221832770004C6A1 /* CollectionViewCell.xib in Resources */ = {isa = PBXBuildFile; fileRef = 2CF887C2221832770004C6A1 /* CollectionViewCell.xib */; };
		2CFD7663221BD9DA004FAE24 /* TestKVOViewController.swift in Sources */ = {isa = PBXBuildFile; fileRef = 2CFD7662221BD9DA004FAE24 /* TestKVOViewController.swift */; };
		2CFD7665221BDABC004FAE24 /* TestObj.swift in Sources */ = {isa = PBXBuildFile; fileRef = 2CFD7664221BDABC004FAE24 /* TestObj.swift */; };
		3859A7E4224085D300C805C3 /* DetailCell.swift in Sources */ = {isa = PBXBuildFile; fileRef = 3859A7E2224085D300C805C3 /* DetailCell.swift */; };
		3859A7E5224085D300C805C3 /* DetailCell.xib in Resources */ = {isa = PBXBuildFile; fileRef = 3859A7E3224085D300C805C3 /* DetailCell.xib */; };
		3859A7E72240E64C00C805C3 /* TestScrollHitTestViewController.swift in Sources */ = {isa = PBXBuildFile; fileRef = 3859A7E62240E64C00C805C3 /* TestScrollHitTestViewController.swift */; };
		3859A7EA22410A9900C805C3 /* YJBScrollView.m in Sources */ = {isa = PBXBuildFile; fileRef = 3859A7E922410A9900C805C3 /* YJBScrollView.m */; };
		3859A7EC224112D700C805C3 /* ScrollViewDelegateObj.swift in Sources */ = {isa = PBXBuildFile; fileRef = 3859A7EB224112D700C805C3 /* ScrollViewDelegateObj.swift */; };
		3859A7EE2241148100C805C3 /* AScrollViewDelegateObj.swift in Sources */ = {isa = PBXBuildFile; fileRef = 3859A7ED2241148100C805C3 /* AScrollViewDelegateObj.swift */; };
		389BFC6A223F2CA100E36290 /* TestPageViewController.swift in Sources */ = {isa = PBXBuildFile; fileRef = 389BFC69223F2CA100E36290 /* TestPageViewController.swift */; };
		389BFC6C223F336500E36290 /* TestMJRefreshViewController.swift in Sources */ = {isa = PBXBuildFile; fileRef = 389BFC6B223F336500E36290 /* TestMJRefreshViewController.swift */; };
		389BFC9C223F35E100E36290 /* UIScrollView+MJRefresh.m in Sources */ = {isa = PBXBuildFile; fileRef = 389BFC6E223F35E100E36290 /* UIScrollView+MJRefresh.m */; };
		389BFC9D223F35E100E36290 /* MJRefreshConst.m in Sources */ = {isa = PBXBuildFile; fileRef = 389BFC6F223F35E100E36290 /* MJRefreshConst.m */; };
		389BFC9E223F35E100E36290 /* MJRefresh.bundle in Resources */ = {isa = PBXBuildFile; fileRef = 389BFC73223F35E100E36290 /* MJRefresh.bundle */; };
		389BFC9F223F35E100E36290 /* UIScrollView+MJExtension.m in Sources */ = {isa = PBXBuildFile; fileRef = 389BFC75223F35E100E36290 /* UIScrollView+MJExtension.m */; };
		389BFCA0223F35E100E36290 /* NSBundle+MJRefresh.m in Sources */ = {isa = PBXBuildFile; fileRef = 389BFC78223F35E100E36290 /* NSBundle+MJRefresh.m */; };
		389BFCA1223F35E100E36290 /* UIView+MJExtension.m in Sources */ = {isa = PBXBuildFile; fileRef = 389BFC79223F35E100E36290 /* UIView+MJExtension.m */; };
		389BFCA2223F35E100E36290 /* MJRefreshBackGifFooter.m in Sources */ = {isa = PBXBuildFile; fileRef = 389BFC80223F35E100E36290 /* MJRefreshBackGifFooter.m */; };
		389BFCA3223F35E100E36290 /* MJRefreshBackStateFooter.m in Sources */ = {isa = PBXBuildFile; fileRef = 389BFC81223F35E100E36290 /* MJRefreshBackStateFooter.m */; };
		389BFCA4223F35E100E36290 /* MJRefreshBackNormalFooter.m in Sources */ = {isa = PBXBuildFile; fileRef = 389BFC82223F35E100E36290 /* MJRefreshBackNormalFooter.m */; };
		389BFCA5223F35E100E36290 /* MJRefreshAutoStateFooter.m in Sources */ = {isa = PBXBuildFile; fileRef = 389BFC87223F35E100E36290 /* MJRefreshAutoStateFooter.m */; };
		389BFCA6223F35E100E36290 /* MJRefreshAutoGifFooter.m in Sources */ = {isa = PBXBuildFile; fileRef = 389BFC88223F35E100E36290 /* MJRefreshAutoGifFooter.m */; };
		389BFCA7223F35E100E36290 /* MJRefreshAutoNormalFooter.m in Sources */ = {isa = PBXBuildFile; fileRef = 389BFC89223F35E100E36290 /* MJRefreshAutoNormalFooter.m */; };
		389BFCA8223F35E100E36290 /* MJRefreshNormalHeader.m in Sources */ = {isa = PBXBuildFile; fileRef = 389BFC8B223F35E100E36290 /* MJRefreshNormalHeader.m */; };
		389BFCA9223F35E100E36290 /* MJRefreshStateHeader.m in Sources */ = {isa = PBXBuildFile; fileRef = 389BFC8F223F35E100E36290 /* MJRefreshStateHeader.m */; };
		389BFCAA223F35E100E36290 /* MJRefreshGifHeader.m in Sources */ = {isa = PBXBuildFile; fileRef = 389BFC90223F35E100E36290 /* MJRefreshGifHeader.m */; };
		389BFCAB223F35E100E36290 /* MJRefreshFooter.m in Sources */ = {isa = PBXBuildFile; fileRef = 389BFC92223F35E100E36290 /* MJRefreshFooter.m */; };
		389BFCAC223F35E100E36290 /* MJRefreshHeader.m in Sources */ = {isa = PBXBuildFile; fileRef = 389BFC94223F35E100E36290 /* MJRefreshHeader.m */; };
		389BFCAD223F35E100E36290 /* MJRefreshBackFooter.m in Sources */ = {isa = PBXBuildFile; fileRef = 389BFC96223F35E100E36290 /* MJRefreshBackFooter.m */; };
		389BFCAE223F35E100E36290 /* MJRefreshAutoFooter.m in Sources */ = {isa = PBXBuildFile; fileRef = 389BFC97223F35E100E36290 /* MJRefreshAutoFooter.m */; };
		389BFCAF223F35E100E36290 /* MJRefreshComponent.m in Sources */ = {isa = PBXBuildFile; fileRef = 389BFC99223F35E100E36290 /* MJRefreshComponent.m */; };
/* End PBXBuildFile section */

/* Begin PBXFileReference section */
		2C2C050F221507D9005D74F5 /* testRoundCorner.app */ = {isa = PBXFileReference; explicitFileType = wrapper.application; includeInIndex = 0; path = testRoundCorner.app; sourceTree = BUILT_PRODUCTS_DIR; };
		2C2C0512221507D9005D74F5 /* AppDelegate.swift */ = {isa = PBXFileReference; lastKnownFileType = sourcecode.swift; path = AppDelegate.swift; sourceTree = "<group>"; };
		2C2C0514221507D9005D74F5 /* ViewController.swift */ = {isa = PBXFileReference; lastKnownFileType = sourcecode.swift; path = ViewController.swift; sourceTree = "<group>"; };
		2C2C0517221507D9005D74F5 /* Base */ = {isa = PBXFileReference; lastKnownFileType = file.storyboard; name = Base; path = Base.lproj/Main.storyboard; sourceTree = "<group>"; };
		2C2C0519221507DC005D74F5 /* Assets.xcassets */ = {isa = PBXFileReference; lastKnownFileType = folder.assetcatalog; path = Assets.xcassets; sourceTree = "<group>"; };
		2C2C051C221507DC005D74F5 /* Base */ = {isa = PBXFileReference; lastKnownFileType = file.storyboard; name = Base; path = Base.lproj/LaunchScreen.storyboard; sourceTree = "<group>"; };
		2C2C051E221507DC005D74F5 /* Info.plist */ = {isa = PBXFileReference; lastKnownFileType = text.plist.xml; path = Info.plist; sourceTree = "<group>"; };
		2C2C05242216B0A5005D74F5 /* TestProgressBarViewController.swift */ = {isa = PBXFileReference; lastKnownFileType = sourcecode.swift; path = TestProgressBarViewController.swift; sourceTree = "<group>"; };
		2C2C0526221801FA005D74F5 /* TestEmplicitAnimationViewController.swift */ = {isa = PBXFileReference; lastKnownFileType = sourcecode.swift; path = TestEmplicitAnimationViewController.swift; sourceTree = "<group>"; };
		2C4DEF17222D3DA100FD93F1 /* TestScrollViewViewController.swift */ = {isa = PBXFileReference; lastKnownFileType = sourcecode.swift; path = TestScrollViewViewController.swift; sourceTree = "<group>"; };
		2CB9F9FB221E9B3100BDD7BF /* TestWebViewController.swift */ = {isa = PBXFileReference; lastKnownFileType = sourcecode.swift; path = TestWebViewController.swift; sourceTree = "<group>"; };
		2CB9F9FD221EACA200BDD7BF /* TestAutoreleaseViewController.swift */ = {isa = PBXFileReference; lastKnownFileType = sourcecode.swift; path = TestAutoreleaseViewController.swift; sourceTree = "<group>"; };
		2CD538B8221C01B00076F7CE /* UIResponser(firstResponser).swift */ = {isa = PBXFileReference; lastKnownFileType = sourcecode.swift; path = "UIResponser(firstResponser).swift"; sourceTree = "<group>"; };
		2CD538BA221C37680076F7CE /* testRoundCorner-Bridging-Header.h */ = {isa = PBXFileReference; lastKnownFileType = sourcecode.c.h; path = "testRoundCorner-Bridging-Header.h"; sourceTree = "<group>"; };
		2CD538BB221C37690076F7CE /* ZObject.h */ = {isa = PBXFileReference; lastKnownFileType = sourcecode.c.h; path = ZObject.h; sourceTree = "<group>"; };
		2CD538BC221C37690076F7CE /* ZObject.m */ = {isa = PBXFileReference; lastKnownFileType = sourcecode.c.objc; path = ZObject.m; sourceTree = "<group>"; };
		2CD538BE221E37470076F7CE /* TestOCViewController.h */ = {isa = PBXFileReference; lastKnownFileType = sourcecode.c.h; path = TestOCViewController.h; sourceTree = "<group>"; };
		2CD538BF221E37470076F7CE /* TestOCViewController.m */ = {isa = PBXFileReference; lastKnownFileType = sourcecode.c.objc; path = TestOCViewController.m; sourceTree = "<group>"; };
		2CD538C1221E7A060076F7CE /* TestURLViewController.swift */ = {isa = PBXFileReference; lastKnownFileType = sourcecode.swift; path = TestURLViewController.swift; sourceTree = "<group>"; };
		2CD538C3221E7A470076F7CE /* UrlImgCollectionViewCell.swift */ = {isa = PBXFileReference; lastKnownFileType = sourcecode.swift; path = UrlImgCollectionViewCell.swift; sourceTree = "<group>"; };
		2CD538C5221E7A9D0076F7CE /* UrlImgCollectionViewCell.xib */ = {isa = PBXFileReference; lastKnownFileType = file.xib; path = UrlImgCollectionViewCell.xib; sourceTree = "<group>"; };
		2CF887BD22182BF20004C6A1 /* TestCollectionViewViewController.swift */ = {isa = PBXFileReference; lastKnownFileType = sourcecode.swift; path = TestCollectionViewViewController.swift; sourceTree = "<group>"; };
		2CF887BF22182D6A0004C6A1 /* hdimg */ = {isa = PBXFileReference; lastKnownFileType = folder; path = hdimg; sourceTree = "<group>"; };
		2CF887C1221832770004C6A1 /* CollectionViewCell.swift */ = {isa = PBXFileReference; lastKnownFileType = sourcecode.swift; path = CollectionViewCell.swift; sourceTree = "<group>"; };
		2CF887C2221832770004C6A1 /* CollectionViewCell.xib */ = {isa = PBXFileReference; lastKnownFileType = file.xib; path = CollectionViewCell.xib; sourceTree = "<group>"; };
		2CFD7662221BD9DA004FAE24 /* TestKVOViewController.swift */ = {isa = PBXFileReference; lastKnownFileType = sourcecode.swift; path = TestKVOViewController.swift; sourceTree = "<group>"; };
		2CFD7664221BDABC004FAE24 /* TestObj.swift */ = {isa = PBXFileReference; lastKnownFileType = sourcecode.swift; path = TestObj.swift; sourceTree = "<group>"; };
		3859A7E2224085D300C805C3 /* DetailCell.swift */ = {isa = PBXFileReference; lastKnownFileType = sourcecode.swift; path = DetailCell.swift; sourceTree = "<group>"; };
		3859A7E3224085D300C805C3 /* DetailCell.xib */ = {isa = PBXFileReference; lastKnownFileType = file.xib; path = DetailCell.xib; sourceTree = "<group>"; };
		3859A7E62240E64C00C805C3 /* TestScrollHitTestViewController.swift */ = {isa = PBXFileReference; lastKnownFileType = sourcecode.swift; path = TestScrollHitTestViewController.swift; sourceTree = "<group>"; };
		3859A7E822410A9900C805C3 /* YJBScrollView.h */ = {isa = PBXFileReference; lastKnownFileType = sourcecode.c.h; path = YJBScrollView.h; sourceTree = "<group>"; };
		3859A7E922410A9900C805C3 /* YJBScrollView.m */ = {isa = PBXFileReference; lastKnownFileType = sourcecode.c.objc; path = YJBScrollView.m; sourceTree = "<group>"; };
		3859A7EB224112D700C805C3 /* ScrollViewDelegateObj.swift */ = {isa = PBXFileReference; lastKnownFileType = sourcecode.swift; path = ScrollViewDelegateObj.swift; sourceTree = "<group>"; };
		3859A7ED2241148100C805C3 /* AScrollViewDelegateObj.swift */ = {isa = PBXFileReference; lastKnownFileType = sourcecode.swift; path = AScrollViewDelegateObj.swift; sourceTree = "<group>"; };
		389BFC69223F2CA100E36290 /* TestPageViewController.swift */ = {isa = PBXFileReference; lastKnownFileType = sourcecode.swift; path = TestPageViewController.swift; sourceTree = "<group>"; };
		389BFC6B223F336500E36290 /* TestMJRefreshViewController.swift */ = {isa = PBXFileReference; lastKnownFileType = sourcecode.swift; path = TestMJRefreshViewController.swift; sourceTree = "<group>"; };
		389BFC6E223F35E100E36290 /* UIScrollView+MJRefresh.m */ = {isa = PBXFileReference; fileEncoding = 4; lastKnownFileType = sourcecode.c.objc; path = "UIScrollView+MJRefresh.m"; sourceTree = "<group>"; };
		389BFC6F223F35E100E36290 /* MJRefreshConst.m */ = {isa = PBXFileReference; fileEncoding = 4; lastKnownFileType = sourcecode.c.objc; path = MJRefreshConst.m; sourceTree = "<group>"; };
		389BFC70223F35E100E36290 /* UIScrollView+MJExtension.h */ = {isa = PBXFileReference; fileEncoding = 4; lastKnownFileType = sourcecode.c.h; path = "UIScrollView+MJExtension.h"; sourceTree = "<group>"; };
		389BFC71223F35E100E36290 /* MJRefresh.h */ = {isa = PBXFileReference; fileEncoding = 4; lastKnownFileType = sourcecode.c.h; path = MJRefresh.h; sourceTree = "<group>"; };
		389BFC72223F35E100E36290 /* NSBundle+MJRefresh.h */ = {isa = PBXFileReference; fileEncoding = 4; lastKnownFileType = sourcecode.c.h; path = "NSBundle+MJRefresh.h"; sourceTree = "<group>"; };
		389BFC73223F35E100E36290 /* MJRefresh.bundle */ = {isa = PBXFileReference; lastKnownFileType = "wrapper.plug-in"; path = MJRefresh.bundle; sourceTree = "<group>"; };
		389BFC74223F35E100E36290 /* UIView+MJExtension.h */ = {isa = PBXFileReference; fileEncoding = 4; lastKnownFileType = sourcecode.c.h; path = "UIView+MJExtension.h"; sourceTree = "<group>"; };
		389BFC75223F35E100E36290 /* UIScrollView+MJExtension.m */ = {isa = PBXFileReference; fileEncoding = 4; lastKnownFileType = sourcecode.c.objc; path = "UIScrollView+MJExtension.m"; sourceTree = "<group>"; };
		389BFC76223F35E100E36290 /* MJRefreshConst.h */ = {isa = PBXFileReference; fileEncoding = 4; lastKnownFileType = sourcecode.c.h; path = MJRefreshConst.h; sourceTree = "<group>"; };
		389BFC77223F35E100E36290 /* UIScrollView+MJRefresh.h */ = {isa = PBXFileReference; fileEncoding = 4; lastKnownFileType = sourcecode.c.h; path = "UIScrollView+MJRefresh.h"; sourceTree = "<group>"; };
		389BFC78223F35E100E36290 /* NSBundle+MJRefresh.m */ = {isa = PBXFileReference; fileEncoding = 4; lastKnownFileType = sourcecode.c.objc; path = "NSBundle+MJRefresh.m"; sourceTree = "<group>"; };
		389BFC79223F35E100E36290 /* UIView+MJExtension.m */ = {isa = PBXFileReference; fileEncoding = 4; lastKnownFileType = sourcecode.c.objc; path = "UIView+MJExtension.m"; sourceTree = "<group>"; };
		389BFC7D223F35E100E36290 /* MJRefreshBackGifFooter.h */ = {isa = PBXFileReference; fileEncoding = 4; lastKnownFileType = sourcecode.c.h; path = MJRefreshBackGifFooter.h; sourceTree = "<group>"; };
		389BFC7E223F35E100E36290 /* MJRefreshBackStateFooter.h */ = {isa = PBXFileReference; fileEncoding = 4; lastKnownFileType = sourcecode.c.h; path = MJRefreshBackStateFooter.h; sourceTree = "<group>"; };
		389BFC7F223F35E100E36290 /* MJRefreshBackNormalFooter.h */ = {isa = PBXFileReference; fileEncoding = 4; lastKnownFileType = sourcecode.c.h; path = MJRefreshBackNormalFooter.h; sourceTree = "<group>"; };
		389BFC80223F35E100E36290 /* MJRefreshBackGifFooter.m */ = {isa = PBXFileReference; fileEncoding = 4; lastKnownFileType = sourcecode.c.objc; path = MJRefreshBackGifFooter.m; sourceTree = "<group>"; };
		389BFC81223F35E100E36290 /* MJRefreshBackStateFooter.m */ = {isa = PBXFileReference; fileEncoding = 4; lastKnownFileType = sourcecode.c.objc; path = MJRefreshBackStateFooter.m; sourceTree = "<group>"; };
		389BFC82223F35E100E36290 /* MJRefreshBackNormalFooter.m */ = {isa = PBXFileReference; fileEncoding = 4; lastKnownFileType = sourcecode.c.objc; path = MJRefreshBackNormalFooter.m; sourceTree = "<group>"; };
		389BFC84223F35E100E36290 /* MJRefreshAutoStateFooter.h */ = {isa = PBXFileReference; fileEncoding = 4; lastKnownFileType = sourcecode.c.h; path = MJRefreshAutoStateFooter.h; sourceTree = "<group>"; };
		389BFC85223F35E100E36290 /* MJRefreshAutoNormalFooter.h */ = {isa = PBXFileReference; fileEncoding = 4; lastKnownFileType = sourcecode.c.h; path = MJRefreshAutoNormalFooter.h; sourceTree = "<group>"; };
		389BFC86223F35E100E36290 /* MJRefreshAutoGifFooter.h */ = {isa = PBXFileReference; fileEncoding = 4; lastKnownFileType = sourcecode.c.h; path = MJRefreshAutoGifFooter.h; sourceTree = "<group>"; };
		389BFC87223F35E100E36290 /* MJRefreshAutoStateFooter.m */ = {isa = PBXFileReference; fileEncoding = 4; lastKnownFileType = sourcecode.c.objc; path = MJRefreshAutoStateFooter.m; sourceTree = "<group>"; };
		389BFC88223F35E100E36290 /* MJRefreshAutoGifFooter.m */ = {isa = PBXFileReference; fileEncoding = 4; lastKnownFileType = sourcecode.c.objc; path = MJRefreshAutoGifFooter.m; sourceTree = "<group>"; };
		389BFC89223F35E100E36290 /* MJRefreshAutoNormalFooter.m */ = {isa = PBXFileReference; fileEncoding = 4; lastKnownFileType = sourcecode.c.objc; path = MJRefreshAutoNormalFooter.m; sourceTree = "<group>"; };
		389BFC8B223F35E100E36290 /* MJRefreshNormalHeader.m */ = {isa = PBXFileReference; fileEncoding = 4; lastKnownFileType = sourcecode.c.objc; path = MJRefreshNormalHeader.m; sourceTree = "<group>"; };
		389BFC8C223F35E100E36290 /* MJRefreshStateHeader.h */ = {isa = PBXFileReference; fileEncoding = 4; lastKnownFileType = sourcecode.c.h; path = MJRefreshStateHeader.h; sourceTree = "<group>"; };
		389BFC8D223F35E100E36290 /* MJRefreshGifHeader.h */ = {isa = PBXFileReference; fileEncoding = 4; lastKnownFileType = sourcecode.c.h; path = MJRefreshGifHeader.h; sourceTree = "<group>"; };
		389BFC8E223F35E100E36290 /* MJRefreshNormalHeader.h */ = {isa = PBXFileReference; fileEncoding = 4; lastKnownFileType = sourcecode.c.h; path = MJRefreshNormalHeader.h; sourceTree = "<group>"; };
		389BFC8F223F35E100E36290 /* MJRefreshStateHeader.m */ = {isa = PBXFileReference; fileEncoding = 4; lastKnownFileType = sourcecode.c.objc; path = MJRefreshStateHeader.m; sourceTree = "<group>"; };
		389BFC90223F35E100E36290 /* MJRefreshGifHeader.m */ = {isa = PBXFileReference; fileEncoding = 4; lastKnownFileType = sourcecode.c.objc; path = MJRefreshGifHeader.m; sourceTree = "<group>"; };
		389BFC92223F35E100E36290 /* MJRefreshFooter.m */ = {isa = PBXFileReference; fileEncoding = 4; lastKnownFileType = sourcecode.c.objc; path = MJRefreshFooter.m; sourceTree = "<group>"; };
		389BFC93223F35E100E36290 /* MJRefreshComponent.h */ = {isa = PBXFileReference; fileEncoding = 4; lastKnownFileType = sourcecode.c.h; path = MJRefreshComponent.h; sourceTree = "<group>"; };
		389BFC94223F35E100E36290 /* MJRefreshHeader.m */ = {isa = PBXFileReference; fileEncoding = 4; lastKnownFileType = sourcecode.c.objc; path = MJRefreshHeader.m; sourceTree = "<group>"; };
		389BFC95223F35E100E36290 /* MJRefreshAutoFooter.h */ = {isa = PBXFileReference; fileEncoding = 4; lastKnownFileType = sourcecode.c.h; path = MJRefreshAutoFooter.h; sourceTree = "<group>"; };
		389BFC96223F35E100E36290 /* MJRefreshBackFooter.m */ = {isa = PBXFileReference; fileEncoding = 4; lastKnownFileType = sourcecode.c.objc; path = MJRefreshBackFooter.m; sourceTree = "<group>"; };
		389BFC97223F35E100E36290 /* MJRefreshAutoFooter.m */ = {isa = PBXFileReference; fileEncoding = 4; lastKnownFileType = sourcecode.c.objc; path = MJRefreshAutoFooter.m; sourceTree = "<group>"; };
		389BFC98223F35E100E36290 /* MJRefreshHeader.h */ = {isa = PBXFileReference; fileEncoding = 4; lastKnownFileType = sourcecode.c.h; path = MJRefreshHeader.h; sourceTree = "<group>"; };
		389BFC99223F35E100E36290 /* MJRefreshComponent.m */ = {isa = PBXFileReference; fileEncoding = 4; lastKnownFileType = sourcecode.c.objc; path = MJRefreshComponent.m; sourceTree = "<group>"; };
		389BFC9A223F35E100E36290 /* MJRefreshFooter.h */ = {isa = PBXFileReference; fileEncoding = 4; lastKnownFileType = sourcecode.c.h; path = MJRefreshFooter.h; sourceTree = "<group>"; };
		389BFC9B223F35E100E36290 /* MJRefreshBackFooter.h */ = {isa = PBXFileReference; fileEncoding = 4; lastKnownFileType = sourcecode.c.h; path = MJRefreshBackFooter.h; sourceTree = "<group>"; };
/* End PBXFileReference section */

/* Begin PBXFrameworksBuildPhase section */
		2C2C050C221507D9005D74F5 /* Frameworks */ = {
			isa = PBXFrameworksBuildPhase;
			buildActionMask = 2147483647;
			files = (
			);
			runOnlyForDeploymentPostprocessing = 0;
		};
/* End PBXFrameworksBuildPhase section */

/* Begin PBXGroup section */
		2C2C0506221507D9005D74F5 = {
			isa = PBXGroup;
			children = (
				2C2C0511221507D9005D74F5 /* testRoundCorner */,
				2C2C0510221507D9005D74F5 /* Products */,
			);
			sourceTree = "<group>";
		};
		2C2C0510221507D9005D74F5 /* Products */ = {
			isa = PBXGroup;
			children = (
				2C2C050F221507D9005D74F5 /* testRoundCorner.app */,
			);
			name = Products;
			sourceTree = "<group>";
		};
		2C2C0511221507D9005D74F5 /* testRoundCorner */ = {
			isa = PBXGroup;
			children = (
				389BFC6D223F35E100E36290 /* MJRefresh */,
				2CF887BF22182D6A0004C6A1 /* hdimg */,
				2C2C0512221507D9005D74F5 /* AppDelegate.swift */,
				2C2C0514221507D9005D74F5 /* ViewController.swift */,
				2C2C0516221507D9005D74F5 /* Main.storyboard */,
				2C2C0519221507DC005D74F5 /* Assets.xcassets */,
				2C2C051B221507DC005D74F5 /* LaunchScreen.storyboard */,
				2C2C051E221507DC005D74F5 /* Info.plist */,
				2C2C05242216B0A5005D74F5 /* TestProgressBarViewController.swift */,
				2C2C0526221801FA005D74F5 /* TestEmplicitAnimationViewController.swift */,
				2CF887BD22182BF20004C6A1 /* TestCollectionViewViewController.swift */,
				2CF887C1221832770004C6A1 /* CollectionViewCell.swift */,
				2CF887C2221832770004C6A1 /* CollectionViewCell.xib */,
				2CFD7662221BD9DA004FAE24 /* TestKVOViewController.swift */,
				2CFD7664221BDABC004FAE24 /* TestObj.swift */,
				2CD538B8221C01B00076F7CE /* UIResponser(firstResponser).swift */,
				2CD538BB221C37690076F7CE /* ZObject.h */,
				2CD538BC221C37690076F7CE /* ZObject.m */,
				2CD538BA221C37680076F7CE /* testRoundCorner-Bridging-Header.h */,
				2CD538BE221E37470076F7CE /* TestOCViewController.h */,
				2CD538BF221E37470076F7CE /* TestOCViewController.m */,
				2CD538C1221E7A060076F7CE /* TestURLViewController.swift */,
				2CD538C3221E7A470076F7CE /* UrlImgCollectionViewCell.swift */,
				2CD538C5221E7A9D0076F7CE /* UrlImgCollectionViewCell.xib */,
				2CB9F9FB221E9B3100BDD7BF /* TestWebViewController.swift */,
				2CB9F9FD221EACA200BDD7BF /* TestAutoreleaseViewController.swift */,
				2C4DEF17222D3DA100FD93F1 /* TestScrollViewViewController.swift */,
				389BFC69223F2CA100E36290 /* TestPageViewController.swift */,
				389BFC6B223F336500E36290 /* TestMJRefreshViewController.swift */,
				3859A7E2224085D300C805C3 /* DetailCell.swift */,
				3859A7E3224085D300C805C3 /* DetailCell.xib */,
				3859A7E62240E64C00C805C3 /* TestScrollHitTestViewController.swift */,
				3859A7E822410A9900C805C3 /* YJBScrollView.h */,
				3859A7E922410A9900C805C3 /* YJBScrollView.m */,
				3859A7EB224112D700C805C3 /* ScrollViewDelegateObj.swift */,
				3859A7ED2241148100C805C3 /* AScrollViewDelegateObj.swift */,
			);
			path = testRoundCorner;
			sourceTree = "<group>";
		};
		389BFC6D223F35E100E36290 /* MJRefresh */ = {
			isa = PBXGroup;
			children = (
				389BFC6E223F35E100E36290 /* UIScrollView+MJRefresh.m */,
				389BFC6F223F35E100E36290 /* MJRefreshConst.m */,
				389BFC70223F35E100E36290 /* UIScrollView+MJExtension.h */,
				389BFC71223F35E100E36290 /* MJRefresh.h */,
				389BFC72223F35E100E36290 /* NSBundle+MJRefresh.h */,
				389BFC73223F35E100E36290 /* MJRefresh.bundle */,
				389BFC74223F35E100E36290 /* UIView+MJExtension.h */,
				389BFC75223F35E100E36290 /* UIScrollView+MJExtension.m */,
				389BFC76223F35E100E36290 /* MJRefreshConst.h */,
				389BFC77223F35E100E36290 /* UIScrollView+MJRefresh.h */,
				389BFC78223F35E100E36290 /* NSBundle+MJRefresh.m */,
				389BFC79223F35E100E36290 /* UIView+MJExtension.m */,
				389BFC7A223F35E100E36290 /* Custom */,
				389BFC91223F35E100E36290 /* Base */,
			);
			path = MJRefresh;
			sourceTree = "<group>";
		};
		389BFC7A223F35E100E36290 /* Custom */ = {
			isa = PBXGroup;
			children = (
				389BFC7B223F35E100E36290 /* Footer */,
				389BFC8A223F35E100E36290 /* Header */,
			);
			path = Custom;
			sourceTree = "<group>";
		};
		389BFC7B223F35E100E36290 /* Footer */ = {
			isa = PBXGroup;
			children = (
				389BFC7C223F35E100E36290 /* Back */,
				389BFC83223F35E100E36290 /* Auto */,
			);
			path = Footer;
			sourceTree = "<group>";
		};
		389BFC7C223F35E100E36290 /* Back */ = {
			isa = PBXGroup;
			children = (
				389BFC7D223F35E100E36290 /* MJRefreshBackGifFooter.h */,
				389BFC7E223F35E100E36290 /* MJRefreshBackStateFooter.h */,
				389BFC7F223F35E100E36290 /* MJRefreshBackNormalFooter.h */,
				389BFC80223F35E100E36290 /* MJRefreshBackGifFooter.m */,
				389BFC81223F35E100E36290 /* MJRefreshBackStateFooter.m */,
				389BFC82223F35E100E36290 /* MJRefreshBackNormalFooter.m */,
			);
			path = Back;
			sourceTree = "<group>";
		};
		389BFC83223F35E100E36290 /* Auto */ = {
			isa = PBXGroup;
			children = (
				389BFC84223F35E100E36290 /* MJRefreshAutoStateFooter.h */,
				389BFC85223F35E100E36290 /* MJRefreshAutoNormalFooter.h */,
				389BFC86223F35E100E36290 /* MJRefreshAutoGifFooter.h */,
				389BFC87223F35E100E36290 /* MJRefreshAutoStateFooter.m */,
				389BFC88223F35E100E36290 /* MJRefreshAutoGifFooter.m */,
				389BFC89223F35E100E36290 /* MJRefreshAutoNormalFooter.m */,
			);
			path = Auto;
			sourceTree = "<group>";
		};
		389BFC8A223F35E100E36290 /* Header */ = {
			isa = PBXGroup;
			children = (
				389BFC8B223F35E100E36290 /* MJRefreshNormalHeader.m */,
				389BFC8C223F35E100E36290 /* MJRefreshStateHeader.h */,
				389BFC8D223F35E100E36290 /* MJRefreshGifHeader.h */,
				389BFC8E223F35E100E36290 /* MJRefreshNormalHeader.h */,
				389BFC8F223F35E100E36290 /* MJRefreshStateHeader.m */,
				389BFC90223F35E100E36290 /* MJRefreshGifHeader.m */,
			);
			path = Header;
			sourceTree = "<group>";
		};
		389BFC91223F35E100E36290 /* Base */ = {
			isa = PBXGroup;
			children = (
				389BFC92223F35E100E36290 /* MJRefreshFooter.m */,
				389BFC93223F35E100E36290 /* MJRefreshComponent.h */,
				389BFC94223F35E100E36290 /* MJRefreshHeader.m */,
				389BFC95223F35E100E36290 /* MJRefreshAutoFooter.h */,
				389BFC96223F35E100E36290 /* MJRefreshBackFooter.m */,
				389BFC97223F35E100E36290 /* MJRefreshAutoFooter.m */,
				389BFC98223F35E100E36290 /* MJRefreshHeader.h */,
				389BFC99223F35E100E36290 /* MJRefreshComponent.m */,
				389BFC9A223F35E100E36290 /* MJRefreshFooter.h */,
				389BFC9B223F35E100E36290 /* MJRefreshBackFooter.h */,
			);
			path = Base;
			sourceTree = "<group>";
		};
/* End PBXGroup section */

/* Begin PBXNativeTarget section */
		2C2C050E221507D9005D74F5 /* testRoundCorner */ = {
			isa = PBXNativeTarget;
			buildConfigurationList = 2C2C0521221507DC005D74F5 /* Build configuration list for PBXNativeTarget "testRoundCorner" */;
			buildPhases = (
				2C2C050B221507D9005D74F5 /* Sources */,
				2C2C050C221507D9005D74F5 /* Frameworks */,
				2C2C050D221507D9005D74F5 /* Resources */,
			);
			buildRules = (
			);
			dependencies = (
			);
			name = testRoundCorner;
			productName = testRoundCorner;
			productReference = 2C2C050F221507D9005D74F5 /* testRoundCorner.app */;
			productType = "com.apple.product-type.application";
		};
/* End PBXNativeTarget section */

/* Begin PBXProject section */
		2C2C0507221507D9005D74F5 /* Project object */ = {
			isa = PBXProject;
			attributes = {
				LastSwiftUpdateCheck = 1010;
				LastUpgradeCheck = 1010;
				ORGANIZATIONNAME = yellfun;
				TargetAttributes = {
					2C2C050E221507D9005D74F5 = {
						CreatedOnToolsVersion = 10.1;
						LastSwiftMigration = 1010;
					};
				};
			};
			buildConfigurationList = 2C2C050A221507D9005D74F5 /* Build configuration list for PBXProject "testRoundCorner" */;
			compatibilityVersion = "Xcode 9.3";
			developmentRegion = en;
			hasScannedForEncodings = 0;
			knownRegions = (
				en,
				Base,
			);
			mainGroup = 2C2C0506221507D9005D74F5;
			productRefGroup = 2C2C0510221507D9005D74F5 /* Products */;
			projectDirPath = "";
			projectRoot = "";
			targets = (
				2C2C050E221507D9005D74F5 /* testRoundCorner */,
			);
		};
/* End PBXProject section */

/* Begin PBXResourcesBuildPhase section */
		2C2C050D221507D9005D74F5 /* Resources */ = {
			isa = PBXResourcesBuildPhase;
			buildActionMask = 2147483647;
			files = (
				2CD538C6221E7A9D0076F7CE /* UrlImgCollectionViewCell.xib in Resources */,
				2C2C051D221507DC005D74F5 /* LaunchScreen.storyboard in Resources */,
				3859A7E5224085D300C805C3 /* DetailCell.xib in Resources */,
				389BFC9E223F35E100E36290 /* MJRefresh.bundle in Resources */,
				2C2C051A221507DC005D74F5 /* Assets.xcassets in Resources */,
				2CF887C022182D6A0004C6A1 /* hdimg in Resources */,
				2C2C0518221507D9005D74F5 /* Main.storyboard in Resources */,
				2CF887C4221832770004C6A1 /* CollectionViewCell.xib in Resources */,
			);
			runOnlyForDeploymentPostprocessing = 0;
		};
/* End PBXResourcesBuildPhase section */

/* Begin PBXSourcesBuildPhase section */
		2C2C050B221507D9005D74F5 /* Sources */ = {
			isa = PBXSourcesBuildPhase;
			buildActionMask = 2147483647;
			files = (
				389BFCAF223F35E100E36290 /* MJRefreshComponent.m in Sources */,
				2CD538C0221E37470076F7CE /* TestOCViewController.m in Sources */,
				2CD538C4221E7A470076F7CE /* UrlImgCollectionViewCell.swift in Sources */,
				2C2C0515221507D9005D74F5 /* ViewController.swift in Sources */,
				389BFCA1223F35E100E36290 /* UIView+MJExtension.m in Sources */,
				2CB9F9FE221EACA200BDD7BF /* TestAutoreleaseViewController.swift in Sources */,
				389BFC9D223F35E100E36290 /* MJRefreshConst.m in Sources */,
				389BFCA8223F35E100E36290 /* MJRefreshNormalHeader.m in Sources */,
				2CFD7663221BD9DA004FAE24 /* TestKVOViewController.swift in Sources */,
				3859A7EA22410A9900C805C3 /* YJBScrollView.m in Sources */,
				389BFCA2223F35E100E36290 /* MJRefreshBackGifFooter.m in Sources */,
				389BFC6A223F2CA100E36290 /* TestPageViewController.swift in Sources */,
				3859A7EC224112D700C805C3 /* ScrollViewDelegateObj.swift in Sources */,
				2C2C05252216B0A5005D74F5 /* TestProgressBarViewController.swift in Sources */,
				3859A7EE2241148100C805C3 /* AScrollViewDelegateObj.swift in Sources */,
				389BFCAC223F35E100E36290 /* MJRefreshHeader.m in Sources */,
				389BFC6C223F336500E36290 /* TestMJRefreshViewController.swift in Sources */,
				389BFCA4223F35E100E36290 /* MJRefreshBackNormalFooter.m in Sources */,
				389BFCA3223F35E100E36290 /* MJRefreshBackStateFooter.m in Sources */,
				389BFC9F223F35E100E36290 /* UIScrollView+MJExtension.m in Sources */,
				2CD538C2221E7A060076F7CE /* TestURLViewController.swift in Sources */,
				389BFCA6223F35E100E36290 /* MJRefreshAutoGifFooter.m in Sources */,
				2CFD7665221BDABC004FAE24 /* TestObj.swift in Sources */,
				389BFC9C223F35E100E36290 /* UIScrollView+MJRefresh.m in Sources */,
				389BFCA5223F35E100E36290 /* MJRefreshAutoStateFooter.m in Sources */,
				389BFCAA223F35E100E36290 /* MJRefreshGifHeader.m in Sources */,
				2CB9F9FC221E9B3100BDD7BF /* TestWebViewController.swift in Sources */,
				389BFCA7223F35E100E36290 /* MJRefreshAutoNormalFooter.m in Sources */,
				389BFCAB223F35E100E36290 /* MJRefreshFooter.m in Sources */,
				2CF887C3221832770004C6A1 /* CollectionViewCell.swift in Sources */,
				389BFCA0223F35E100E36290 /* NSBundle+MJRefresh.m in Sources */,
				2C2C0527221801FA005D74F5 /* TestEmplicitAnimationViewController.swift in Sources */,
				389BFCAD223F35E100E36290 /* MJRefreshBackFooter.m in Sources */,
				2C2C0513221507D9005D74F5 /* AppDelegate.swift in Sources */,
				2CD538BD221C37690076F7CE /* ZObject.m in Sources */,
				3859A7E72240E64C00C805C3 /* TestScrollHitTestViewController.swift in Sources */,
				2CD538B9221C01B00076F7CE /* UIResponser(firstResponser).swift in Sources */,
				2C4DEF18222D3DA100FD93F1 /* TestScrollViewViewController.swift in Sources */,
				2CF887BE22182BF20004C6A1 /* TestCollectionViewViewController.swift in Sources */,
				389BFCAE223F35E100E36290 /* MJRefreshAutoFooter.m in Sources */,
				3859A7E4224085D300C805C3 /* DetailCell.swift in Sources */,
				389BFCA9223F35E100E36290 /* MJRefreshStateHeader.m in Sources */,
			);
			runOnlyForDeploymentPostprocessing = 0;
		};
/* End PBXSourcesBuildPhase section */

/* Begin PBXVariantGroup section */
		2C2C0516221507D9005D74F5 /* Main.storyboard */ = {
			isa = PBXVariantGroup;
			children = (
				2C2C0517221507D9005D74F5 /* Base */,
			);
			name = Main.storyboard;
			sourceTree = "<group>";
		};
		2C2C051B221507DC005D74F5 /* LaunchScreen.storyboard */ = {
			isa = PBXVariantGroup;
			children = (
				2C2C051C221507DC005D74F5 /* Base */,
			);
			name = LaunchScreen.storyboard;
			sourceTree = "<group>";
		};
/* End PBXVariantGroup section */

/* Begin XCBuildConfiguration section */
		2C2C051F221507DC005D74F5 /* Debug */ = {
			isa = XCBuildConfiguration;
			buildSettings = {
				ALWAYS_SEARCH_USER_PATHS = NO;
				CLANG_ANALYZER_NONNULL = YES;
				CLANG_ANALYZER_NUMBER_OBJECT_CONVERSION = YES_AGGRESSIVE;
				CLANG_CXX_LANGUAGE_STANDARD = "gnu++14";
				CLANG_CXX_LIBRARY = "libc++";
				CLANG_ENABLE_MODULES = YES;
				CLANG_ENABLE_OBJC_ARC = YES;
				CLANG_ENABLE_OBJC_WEAK = YES;
				CLANG_WARN_BLOCK_CAPTURE_AUTORELEASING = YES;
				CLANG_WARN_BOOL_CONVERSION = YES;
				CLANG_WARN_COMMA = YES;
				CLANG_WARN_CONSTANT_CONVERSION = YES;
				CLANG_WARN_DEPRECATED_OBJC_IMPLEMENTATIONS = YES;
				CLANG_WARN_DIRECT_OBJC_ISA_USAGE = YES_ERROR;
				CLANG_WARN_DOCUMENTATION_COMMENTS = YES;
				CLANG_WARN_EMPTY_BODY = YES;
				CLANG_WARN_ENUM_CONVERSION = YES;
				CLANG_WARN_INFINITE_RECURSION = YES;
				CLANG_WARN_INT_CONVERSION = YES;
				CLANG_WARN_NON_LITERAL_NULL_CONVERSION = YES;
				CLANG_WARN_OBJC_IMPLICIT_RETAIN_SELF = YES;
				CLANG_WARN_OBJC_LITERAL_CONVERSION = YES;
				CLANG_WARN_OBJC_ROOT_CLASS = YES_ERROR;
				CLANG_WARN_RANGE_LOOP_ANALYSIS = YES;
				CLANG_WARN_STRICT_PROTOTYPES = YES;
				CLANG_WARN_SUSPICIOUS_MOVE = YES;
				CLANG_WARN_UNGUARDED_AVAILABILITY = YES_AGGRESSIVE;
				CLANG_WARN_UNREACHABLE_CODE = YES;
				CLANG_WARN__DUPLICATE_METHOD_MATCH = YES;
				CODE_SIGN_IDENTITY = "iPhone Developer";
				COPY_PHASE_STRIP = NO;
				DEBUG_INFORMATION_FORMAT = dwarf;
				ENABLE_STRICT_OBJC_MSGSEND = YES;
				ENABLE_TESTABILITY = YES;
				GCC_C_LANGUAGE_STANDARD = gnu11;
				GCC_DYNAMIC_NO_PIC = NO;
				GCC_NO_COMMON_BLOCKS = YES;
				GCC_OPTIMIZATION_LEVEL = 0;
				GCC_PREPROCESSOR_DEFINITIONS = (
					"DEBUG=1",
					"$(inherited)",
				);
				GCC_WARN_64_TO_32_BIT_CONVERSION = YES;
				GCC_WARN_ABOUT_RETURN_TYPE = YES_ERROR;
				GCC_WARN_UNDECLARED_SELECTOR = YES;
				GCC_WARN_UNINITIALIZED_AUTOS = YES_AGGRESSIVE;
				GCC_WARN_UNUSED_FUNCTION = YES;
				GCC_WARN_UNUSED_VARIABLE = YES;
				IPHONEOS_DEPLOYMENT_TARGET = 12.1;
				MTL_ENABLE_DEBUG_INFO = INCLUDE_SOURCE;
				MTL_FAST_MATH = YES;
				ONLY_ACTIVE_ARCH = YES;
				SDKROOT = iphoneos;
				SWIFT_ACTIVE_COMPILATION_CONDITIONS = DEBUG;
				SWIFT_OPTIMIZATION_LEVEL = "-Onone";
			};
			name = Debug;
		};
		2C2C0520221507DC005D74F5 /* Release */ = {
			isa = XCBuildConfiguration;
			buildSettings = {
				ALWAYS_SEARCH_USER_PATHS = NO;
				CLANG_ANALYZER_NONNULL = YES;
				CLANG_ANALYZER_NUMBER_OBJECT_CONVERSION = YES_AGGRESSIVE;
				CLANG_CXX_LANGUAGE_STANDARD = "gnu++14";
				CLANG_CXX_LIBRARY = "libc++";
				CLANG_ENABLE_MODULES = YES;
				CLANG_ENABLE_OBJC_ARC = YES;
				CLANG_ENABLE_OBJC_WEAK = YES;
				CLANG_WARN_BLOCK_CAPTURE_AUTORELEASING = YES;
				CLANG_WARN_BOOL_CONVERSION = YES;
				CLANG_WARN_COMMA = YES;
				CLANG_WARN_CONSTANT_CONVERSION = YES;
				CLANG_WARN_DEPRECATED_OBJC_IMPLEMENTATIONS = YES;
				CLANG_WARN_DIRECT_OBJC_ISA_USAGE = YES_ERROR;
				CLANG_WARN_DOCUMENTATION_COMMENTS = YES;
				CLANG_WARN_EMPTY_BODY = YES;
				CLANG_WARN_ENUM_CONVERSION = YES;
				CLANG_WARN_INFINITE_RECURSION = YES;
				CLANG_WARN_INT_CONVERSION = YES;
				CLANG_WARN_NON_LITERAL_NULL_CONVERSION = YES;
				CLANG_WARN_OBJC_IMPLICIT_RETAIN_SELF = YES;
				CLANG_WARN_OBJC_LITERAL_CONVERSION = YES;
				CLANG_WARN_OBJC_ROOT_CLASS = YES_ERROR;
				CLANG_WARN_RANGE_LOOP_ANALYSIS = YES;
				CLANG_WARN_STRICT_PROTOTYPES = YES;
				CLANG_WARN_SUSPICIOUS_MOVE = YES;
				CLANG_WARN_UNGUARDED_AVAILABILITY = YES_AGGRESSIVE;
				CLANG_WARN_UNREACHABLE_CODE = YES;
				CLANG_WARN__DUPLICATE_METHOD_MATCH = YES;
				CODE_SIGN_IDENTITY = "iPhone Developer";
				COPY_PHASE_STRIP = NO;
				DEBUG_INFORMATION_FORMAT = "dwarf-with-dsym";
				ENABLE_NS_ASSERTIONS = NO;
				ENABLE_STRICT_OBJC_MSGSEND = YES;
				GCC_C_LANGUAGE_STANDARD = gnu11;
				GCC_NO_COMMON_BLOCKS = YES;
				GCC_WARN_64_TO_32_BIT_CONVERSION = YES;
				GCC_WARN_ABOUT_RETURN_TYPE = YES_ERROR;
				GCC_WARN_UNDECLARED_SELECTOR = YES;
				GCC_WARN_UNINITIALIZED_AUTOS = YES_AGGRESSIVE;
				GCC_WARN_UNUSED_FUNCTION = YES;
				GCC_WARN_UNUSED_VARIABLE = YES;
				IPHONEOS_DEPLOYMENT_TARGET = 12.1;
				MTL_ENABLE_DEBUG_INFO = NO;
				MTL_FAST_MATH = YES;
				SDKROOT = iphoneos;
				SWIFT_COMPILATION_MODE = wholemodule;
				SWIFT_OPTIMIZATION_LEVEL = "-O";
				VALIDATE_PRODUCT = YES;
			};
			name = Release;
		};
		2C2C0522221507DC005D74F5 /* Debug */ = {
			isa = XCBuildConfiguration;
			buildSettings = {
				ASSETCATALOG_COMPILER_APPICON_NAME = AppIcon;
				CLANG_ENABLE_MODULES = YES;
				CODE_SIGN_STYLE = Automatic;
				DEVELOPMENT_TEAM = 99G537LE8Y;
				INFOPLIST_FILE = testRoundCorner/Info.plist;
				IPHONEOS_DEPLOYMENT_TARGET = 11.1;
				LD_RUNPATH_SEARCH_PATHS = (
					"$(inherited)",
					"@executable_path/Frameworks",
				);
				PRODUCT_BUNDLE_IDENTIFIER = cn.com.gjzq.yjb.jy.3.H5;
				PRODUCT_NAME = "$(TARGET_NAME)";
				SWIFT_OBJC_BRIDGING_HEADER = "testRoundCorner/testRoundCorner-Bridging-Header.h";
				SWIFT_OPTIMIZATION_LEVEL = "-Onone";
				SWIFT_VERSION = 4.2;
				TARGETED_DEVICE_FAMILY = "1,2";
			};
			name = Debug;
		};
		2C2C0523221507DC005D74F5 /* Release */ = {
			isa = XCBuildConfiguration;
			buildSettings = {
				ASSETCATALOG_COMPILER_APPICON_NAME = AppIcon;
				CLANG_ENABLE_MODULES = YES;
				CODE_SIGN_STYLE = Automatic;
				DEVELOPMENT_TEAM = 99G537LE8Y;
				INFOPLIST_FILE = testRoundCorner/Info.plist;
				IPHONEOS_DEPLOYMENT_TARGET = 11.1;
				LD_RUNPATH_SEARCH_PATHS = (
					"$(inherited)",
					"@executable_path/Frameworks",
				);
				PRODUCT_BUNDLE_IDENTIFIER = cn.com.gjzq.yjb.jy.3.H5;
				PRODUCT_NAME = "$(TARGET_NAME)";
				SWIFT_OBJC_BRIDGING_HEADER = "testRoundCorner/testRoundCorner-Bridging-Header.h";
				SWIFT_VERSION = 4.2;
				TARGETED_DEVICE_FAMILY = "1,2";
			};
			name = Release;
		};
/* End XCBuildConfiguration section */

/* Begin XCConfigurationList section */
		2C2C050A221507D9005D74F5 /* Build configuration list for PBXProject "testRoundCorner" */ = {
			isa = XCConfigurationList;
			buildConfigurations = (
				2C2C051F221507DC005D74F5 /* Debug */,
				2C2C0520221507DC005D74F5 /* Release */,
			);
			defaultConfigurationIsVisible = 0;
			defaultConfigurationName = Release;
		};
		2C2C0521221507DC005D74F5 /* Build configuration list for PBXNativeTarget "testRoundCorner" */ = {
			isa = XCConfigurationList;
			buildConfigurations = (
				2C2C0522221507DC005D74F5 /* Debug */,
				2C2C0523221507DC005D74F5 /* Release */,
			);
			defaultConfigurationIsVisible = 0;
			defaultConfigurationName = Release;
		};
/* End XCConfigurationList section */
	};
	rootObject = 2C2C0507221507D9005D74F5 /* Project object */;
}
